# This file is autogenerated, do not edit; changes may be undone by the next 'dep ensure'.


[[projects]]
  digest = "1:a12d94258c5298ead75e142e8001224bf029f302fed9e96cd39c0eaf90f3954d"
  name = "github.com/boltdb/bolt"
  packages = ["."]
  pruneopts = "NUT"
  revision = "2f1ce7a837dcb8da3ec595b1dac9d0632f0f99e8"
  version = "v1.3.1"

[[projects]]
  branch = "master"
  digest = "1:ea4ce4151ae1737a3c55a4209f3f4ea164e5e595ac984c6e5a526c3022538fc1"
  name = "github.com/docker/libnetwork"
  packages = ["iptables"]
  pruneopts = "NUT"
  revision = "20461b8539336a4b5fcf551a86dd24ebae211984"

[[projects]]
  branch = "master"
  digest = "1:d861d832d240c40f66b366fd38dfdb96466898c32255aec76d76bd80b7459c20"
  name = "github.com/erikh/ping"
  packages = ["."]
  pruneopts = "NUT"
  revision = "d731d249e12a103e22d5d4cdf41bf37062623ea4"

[[projects]]
  branch = "master"
  digest = "1:bd228d1a02fffcaf3abca973886870113d843ea7a67d5b6f70a5169950499ea9"
  name = "github.com/genuinetools/pkg"
  packages = ["cli"]
  pruneopts = "NUT"
  revision = "1c141f661797b5fb22033c9a7a5ab004994a0404"

[[projects]]
  digest = "1:ca3369c0fc8d471d8698f85a37a4f8c98a847402681a31431fb87a84fa2e5373"
  name = "github.com/godbus/dbus"
  packages = ["."]
  pruneopts = "NUT"
  revision = "a389bdde4dd695d414e47b755e95e72b7826432c"
  version = "v4.1.0"

[[projects]]
  branch = "master"
  digest = "1:53afaed9e0bf4c745b297e82563b2780fdc597717e14b2141283c6c3d94f1b81"
  name = "github.com/opencontainers/runc"
  packages = ["libcontainer/configs"]
  pruneopts = "NUT"
  revision = "00dc70017d222b178a002ed30e9321b12647af2d"

[[projects]]
  digest = "1:57234a321bf1f8f98a8a9a5122a2404cc60d0800516f4ab7a7b2375e4b2d19ea"
  name = "github.com/opencontainers/runtime-spec"
  packages = ["specs-go"]
  pruneopts = "NUT"
  revision = "4e3b9264a330d094b0386c3703c5f379119711e8"
  version = "v1.0.1"

[[projects]]
  digest = "1:b2339e83ce9b5c4f79405f949429a7f68a9a904fed903c672aac1e7ceb7f5f02"
  name = "github.com/sirupsen/logrus"
  packages = ["."]
  pruneopts = "NUT"
  revision = "3e01752db0189b9157070a0e1668a620f9a85da2"
  version = "v1.0.6"

[[projects]]
  digest = "1:936ab0fd3f16edc83131e626594a4f4e75426e5adeb7adbe57ed203db4c1b950"
  name = "github.com/vishvananda/netlink"
  packages = [
    ".",
    "nl",
  ]
  pruneopts = "NUT"
  revision = "a2ad57a690f3caf3015351d2d6e1c0b95c349752"
  version = "v1.0.0"

[[projects]]
  branch = "master"
  digest = "1:2a1bbe57bb2602803e0f142d88453b0d9fec89e496aaa2cd8807bcae2e05a4a7"
  name = "github.com/vishvananda/netns"
  packages = ["."]
  pruneopts = "NUT"
  revision = "13995c7128ccc8e51e9a6bd2b551020a27180abd"

[[projects]]
  branch = "master"
  digest = "1:3f3a05ae0b95893d90b9b3b5afdb79a9b3d96e4e36e099d841ae602e4aca0da8"
  name = "golang.org/x/crypto"
  packages = ["ssh/terminal"]
  pruneopts = "NUT"
  revision = "0e37d006457bf46f9e6692014ba72ef82c33022c"

[[projects]]
  branch = "master"
  digest = "1:16c7423676f53021ecdec1e73a3c69f50e11c5b4988388940e7cb1634276755d"
  name = "golang.org/x/sys"
  packages = [
    "unix",
    "windows",
  ]
  pruneopts = "NUT"
  revision = "b09afc3d579e346c4a7e4705953acaf6f9e551bd"

[solve-meta]
  analyzer-name = "dep"
  analyzer-version = 1
  input-imports = [
    "github.com/boltdb/bolt",
    "github.com/docker/libnetwork/iptables",
    "github.com/erikh/ping",
    "github.com/genuinetools/pkg/cli",
    "github.com/opencontainers/runc/libcontainer/configs",
    "github.com/sirupsen/logrus",
    "github.com/vishvananda/netlink",
    "github.com/vishvananda/netns",
  ]
  solver-name = "gps-cdcl"
  solver-version = 1
